version: 6
environments:
  default:
    channels:
    - url: https://conda.anaconda.org/conda-forge/
    packages:
      osx-arm64:
      - conda: https://conda.anaconda.org/conda-forge/osx-arm64/brotli-1.1.0-hd74edd7_2.conda
      - conda: https://conda.anaconda.org/conda-forge/osx-arm64/brotli-bin-1.1.0-hd74edd7_2.conda
      - conda: https://conda.anaconda.org/conda-forge/osx-arm64/bzip2-1.0.8-h99b78c6_7.conda
      - conda: https://conda.anaconda.org/conda-forge/osx-arm64/c-ares-1.34.5-h5505292_0.conda
      - conda: https://conda.anaconda.org/conda-forge/noarch/ca-certificates-2025.4.26-hbd8a1cb_0.conda
      - conda: https://conda.anaconda.org/conda-forge/osx-arm64/cartopy-0.23.0-py311h9cb3ce9_2.conda
      - conda: https://conda.anaconda.org/conda-forge/noarch/certifi-2025.4.26-pyhd8ed1ab_0.conda
      - conda: https://conda.anaconda.org/conda-forge/noarch/cmocean-4.0.3-pyhd8ed1ab_1.conda
      - conda: https://conda.anaconda.org/conda-forge/noarch/colorspacious-1.1.2-pyhecae5ae_1.conda
      - conda: https://conda.anaconda.org/conda-forge/osx-arm64/contourpy-1.3.2-py311h210dab8_0.conda
      - conda: https://conda.anaconda.org/conda-forge/noarch/cycler-0.12.1-pyhd8ed1ab_1.conda
      - conda: https://conda.anaconda.org/conda-forge/osx-arm64/fonttools-4.58.1-py311h4921393_0.conda
      - conda: https://conda.anaconda.org/conda-forge/osx-arm64/freetype-2.13.3-hce30654_1.conda
      - conda: https://conda.anaconda.org/conda-forge/osx-arm64/geos-3.13.1-hc9a1286_0.conda
      - conda: https://conda.anaconda.org/conda-forge/osx-arm64/kiwisolver-1.4.7-py311h2c37856_0.conda
      - conda: https://conda.anaconda.org/conda-forge/osx-arm64/krb5-1.20.1-h69eda48_0.conda
      - conda: https://conda.anaconda.org/conda-forge/osx-arm64/lcms2-2.15-hd835a16_1.conda
      - conda: https://conda.anaconda.org/conda-forge/osx-arm64/lerc-4.0.0-hd64df32_1.conda
      - conda: https://conda.anaconda.org/conda-forge/osx-arm64/libblas-3.9.0-31_h10e41b3_openblas.conda
      - conda: https://conda.anaconda.org/conda-forge/osx-arm64/libbrotlicommon-1.1.0-hd74edd7_2.conda
      - conda: https://conda.anaconda.org/conda-forge/osx-arm64/libbrotlidec-1.1.0-hd74edd7_2.conda
      - conda: https://conda.anaconda.org/conda-forge/osx-arm64/libbrotlienc-1.1.0-hd74edd7_2.conda
      - conda: https://conda.anaconda.org/conda-forge/osx-arm64/libcblas-3.9.0-31_hb3479ef_openblas.conda
      - conda: https://conda.anaconda.org/conda-forge/osx-arm64/libcurl-7.88.1-h9049daf_0.conda
      - conda: https://conda.anaconda.org/conda-forge/osx-arm64/libcxx-20.1.6-ha82da77_0.conda
      - conda: https://conda.anaconda.org/conda-forge/osx-arm64/libdeflate-1.18-h1a8c8d9_0.conda
      - conda: https://conda.anaconda.org/conda-forge/osx-arm64/libedit-3.1.20250104-pl5321hafb1f1b_0.conda
      - conda: https://conda.anaconda.org/conda-forge/osx-arm64/libev-4.33-h93a5062_2.conda
      - conda: https://conda.anaconda.org/conda-forge/osx-arm64/libffi-3.4.6-h1da3d7d_1.conda
      - conda: https://conda.anaconda.org/conda-forge/osx-arm64/libfreetype-2.13.3-hce30654_1.conda
      - conda: https://conda.anaconda.org/conda-forge/osx-arm64/libfreetype6-2.13.3-h1d14073_1.conda
      - conda: https://conda.anaconda.org/conda-forge/osx-arm64/libgfortran-14.2.0-heb5dd2a_105.conda
      - conda: https://conda.anaconda.org/conda-forge/osx-arm64/libgfortran5-14.2.0-h2c44a93_105.conda
      - conda: https://conda.anaconda.org/conda-forge/osx-arm64/libjpeg-turbo-2.1.5.1-hb547adb_1.conda
      - conda: https://conda.anaconda.org/conda-forge/osx-arm64/liblapack-3.9.0-31_hc9a63f6_openblas.conda
      - conda: https://conda.anaconda.org/conda-forge/osx-arm64/liblzma-5.8.1-h39f12f2_1.conda
      - conda: https://conda.anaconda.org/conda-forge/osx-arm64/liblzma-devel-5.8.1-h39f12f2_1.conda
      - conda: https://conda.anaconda.org/conda-forge/osx-arm64/libnghttp2-1.52.0-hae82a92_0.conda
      - conda: https://conda.anaconda.org/conda-forge/osx-arm64/libopenblas-0.3.29-openmp_hf332438_0.conda
      - conda: https://conda.anaconda.org/conda-forge/osx-arm64/libpng-1.6.47-h3783ad8_0.conda
      - conda: https://conda.anaconda.org/conda-forge/osx-arm64/libsqlite-3.50.0-h3f77e49_0.conda
      - conda: https://conda.anaconda.org/conda-forge/osx-arm64/libssh2-1.10.0-h7a5bd25_3.tar.bz2
      - conda: https://conda.anaconda.org/conda-forge/osx-arm64/libtiff-4.5.1-h23a1a89_1.conda
      - conda: https://conda.anaconda.org/conda-forge/osx-arm64/libwebp-base-1.5.0-h2471fea_0.conda
      - conda: https://conda.anaconda.org/conda-forge/osx-arm64/libxcb-1.15-hf346824_0.conda
      - conda: https://conda.anaconda.org/conda-forge/osx-arm64/libzlib-1.3.1-h8359307_2.conda
      - conda: https://conda.anaconda.org/conda-forge/osx-arm64/llvm-openmp-20.1.6-hdb05f8b_0.conda
      - conda: https://conda.anaconda.org/conda-forge/osx-arm64/matplotlib-3.7.3-py311ha1ab1f8_0.conda
      - conda: https://conda.anaconda.org/conda-forge/osx-arm64/matplotlib-base-3.7.3-py311h3bc9839_0.conda
      - conda: https://conda.anaconda.org/conda-forge/noarch/munkres-1.1.4-pyh9f0ad1d_0.tar.bz2
      - conda: https://conda.anaconda.org/conda-forge/osx-arm64/ncurses-6.5-h5e97a16_3.conda
      - conda: https://conda.anaconda.org/conda-forge/osx-arm64/numpy-1.26.4-py311h7125741_0.conda
      - conda: https://conda.anaconda.org/conda-forge/osx-arm64/openjpeg-2.5.0-hbc2ba62_2.conda
      - conda: https://conda.anaconda.org/conda-forge/osx-arm64/openssl-3.0.16-h81ee809_0.conda
      - conda: https://conda.anaconda.org/conda-forge/noarch/packaging-25.0-pyh29332c3_1.conda
      - conda: https://conda.anaconda.org/conda-forge/osx-arm64/pillow-10.0.0-py311h095fde6_0.conda
      - conda: https://conda.anaconda.org/conda-forge/osx-arm64/proj-9.2.0-h13f728c_0.conda
      - conda: https://conda.anaconda.org/conda-forge/osx-arm64/pthread-stubs-0.4-hd74edd7_1002.conda
      - conda: https://conda.anaconda.org/conda-forge/noarch/pyparsing-3.2.3-pyhd8ed1ab_1.conda
      - conda: https://conda.anaconda.org/conda-forge/osx-arm64/pyproj-3.6.0-py311h9ae28ae_0.conda
      - conda: https://conda.anaconda.org/conda-forge/noarch/pyshp-2.3.1-pyhd8ed1ab_1.conda
      - conda: https://conda.anaconda.org/conda-forge/osx-arm64/python-3.11.0-h3ba56d0_1_cpython.conda
      - conda: https://conda.anaconda.org/conda-forge/noarch/python-dateutil-2.9.0.post0-pyhff2d567_1.conda
      - conda: https://conda.anaconda.org/conda-forge/noarch/python_abi-3.11-7_cp311.conda
      - conda: https://conda.anaconda.org/conda-forge/osx-arm64/readline-8.2-h1d1bf99_2.conda
      - conda: https://conda.anaconda.org/conda-forge/osx-arm64/shapely-2.1.1-py311h06af528_0.conda
      - conda: https://conda.anaconda.org/conda-forge/noarch/six-1.17.0-pyhd8ed1ab_0.conda
      - conda: https://conda.anaconda.org/conda-forge/osx-arm64/sqlite-3.50.0-hd7222ec_0.conda
      - conda: https://conda.anaconda.org/conda-forge/osx-arm64/tk-8.6.13-h892fb3f_2.conda
      - conda: https://conda.anaconda.org/conda-forge/osx-arm64/tornado-6.5.1-py311h917b07b_0.conda
      - conda: https://conda.anaconda.org/conda-forge/noarch/tzdata-2025b-h78e105d_0.conda
      - conda: https://conda.anaconda.org/conda-forge/osx-arm64/unicodedata2-16.0.0-py311h917b07b_0.conda
      - conda: https://conda.anaconda.org/conda-forge/osx-arm64/xorg-libxau-1.0.12-h5505292_0.conda
      - conda: https://conda.anaconda.org/conda-forge/osx-arm64/xorg-libxdmcp-1.1.5-hd74edd7_0.conda
      - conda: https://conda.anaconda.org/conda-forge/osx-arm64/xz-5.8.1-h9a6d368_1.conda
      - conda: https://conda.anaconda.org/conda-forge/osx-arm64/xz-gpl-tools-5.8.1-h9a6d368_1.conda
      - conda: https://conda.anaconda.org/conda-forge/osx-arm64/xz-tools-5.8.1-h39f12f2_1.conda
      - conda: https://conda.anaconda.org/conda-forge/osx-arm64/zstd-1.5.7-h6491c7d_2.conda
packages:
- conda: https://conda.anaconda.org/conda-forge/osx-arm64/brotli-1.1.0-hd74edd7_2.conda
  sha256: a086f36ff68d6e30da625e910547f6211385246fb2474b144ac8c47c32254576
  md5: 215e3dc8f2f837906d066e7f01aa77c0
  depends:
  - __osx >=11.0
  - brotli-bin 1.1.0 hd74edd7_2
  - libbrotlidec 1.1.0 hd74edd7_2
  - libbrotlienc 1.1.0 hd74edd7_2
  arch: arm64
  platform: osx
  license: MIT
  license_family: MIT
  size: 19588
  timestamp: 1725268044856
- conda: https://conda.anaconda.org/conda-forge/osx-arm64/brotli-bin-1.1.0-hd74edd7_2.conda
  sha256: 28f1af63b49fddf58084fb94e5512ad46e9c453eb4be1d97449c67059e5b0680
  md5: b8512db2145dc3ae8d86cdc21a8d421e
  depends:
  - __osx >=11.0
  - libbrotlidec 1.1.0 hd74edd7_2
  - libbrotlienc 1.1.0 hd74edd7_2
  arch: arm64
  platform: osx
  license: MIT
  license_family: MIT
  size: 16772
  timestamp: 1725268026061
- conda: https://conda.anaconda.org/conda-forge/osx-arm64/bzip2-1.0.8-h99b78c6_7.conda
  sha256: adfa71f158cbd872a36394c56c3568e6034aa55c623634b37a4836bd036e6b91
  md5: fc6948412dbbbe9a4c9ddbbcfe0a79ab
  depends:
  - __osx >=11.0
  arch: arm64
  platform: osx
  license: bzip2-1.0.6
  license_family: BSD
  size: 122909
  timestamp: 1720974522888
- conda: https://conda.anaconda.org/conda-forge/osx-arm64/c-ares-1.34.5-h5505292_0.conda
  sha256: b4bb55d0806e41ffef94d0e3f3c97531f322b3cb0ca1f7cdf8e47f62538b7a2b
  md5: f8cd1beb98240c7edb1a95883360ccfa
  depends:
  - __osx >=11.0
  arch: arm64
  platform: osx
  license: MIT
  license_family: MIT
  size: 179696
  timestamp: 1744128058734
- conda: https://conda.anaconda.org/conda-forge/noarch/ca-certificates-2025.4.26-hbd8a1cb_0.conda
  sha256: 2a70ed95ace8a3f8a29e6cd1476a943df294a7111dfb3e152e3478c4c889b7ac
  md5: 95db94f75ba080a22eb623590993167b
  depends:
  - __unix
  license: ISC
  size: 152283
  timestamp: 1745653616541
- conda: https://conda.anaconda.org/conda-forge/osx-arm64/cartopy-0.23.0-py311h9cb3ce9_2.conda
  sha256: c0b4cb8cb6276f629fa32f4cdf4abd5804df40f2e6159b142c4665bcee5583a7
  md5: d8261a33683e63940ed05a63208414ae
  depends:
  - __osx >=11.0
  - libcxx >=17
  - matplotlib-base >=3.5
  - numpy >=1.19,<3
  - packaging >=20
  - pyproj >=3.3.1
  - pyshp >=2.3
  - python >=3.11,<3.12.0a0
  - python >=3.11,<3.12.0a0 *_cpython
  - python_abi 3.11.* *_cp311
  - shapely >=1.7
  arch: arm64
  platform: osx
  license: BSD-3-Clause
  license_family: BSD
  size: 1509375
  timestamp: 1726175708671
- conda: https://conda.anaconda.org/conda-forge/noarch/certifi-2025.4.26-pyhd8ed1ab_0.conda
  sha256: 52aa837642fd851b3f7ad3b1f66afc5366d133c1d452323f786b0378a391915c
  md5: c33eeaaa33f45031be34cda513df39b6
  depends:
  - python >=3.9
  license: ISC
  size: 157200
  timestamp: 1746569627830
- conda: https://conda.anaconda.org/conda-forge/noarch/cmocean-4.0.3-pyhd8ed1ab_1.conda
  sha256: 70d3469d7a9b23a38526d7313ee10e7826f0245ffb5a7eeec15a134d90636a32
  md5: dd71e4ec2fbffe38c0359976505f816e
  depends:
  - colorspacious
  - matplotlib-base
  - numpy
  - packaging
  - python >=3.9
  license: MIT
  license_family: MIT
  size: 312164
  timestamp: 1734344056828
- conda: https://conda.anaconda.org/conda-forge/noarch/colorspacious-1.1.2-pyhecae5ae_1.conda
  sha256: 2c778b2a96946970a133852c8eba5e93512a3e3e6626a7983481cc16babcd16e
  md5: 04151bb8e351c6209caad045e4b1f4bd
  depends:
  - numpy
  - python >=3.9
  license: MIT
  license_family: MIT
  size: 36130
  timestamp: 1734342046859
- conda: https://conda.anaconda.org/conda-forge/osx-arm64/contourpy-1.3.2-py311h210dab8_0.conda
  sha256: 4344151c0f543cc33148805589027c73a036bfa5daa8d5cf3054e3f7db31e937
  md5: 9bebb2a698a51d7821ee9e7e06343f33
  depends:
  - __osx >=11.0
  - libcxx >=18
  - numpy >=1.23
  - python >=3.11,<3.12.0a0
  - python >=3.11,<3.12.0a0 *_cpython
  - python_abi 3.11.* *_cp311
  arch: arm64
  platform: osx
  license: BSD-3-Clause
  license_family: BSD
  size: 248716
  timestamp: 1744743514765
- conda: https://conda.anaconda.org/conda-forge/noarch/cycler-0.12.1-pyhd8ed1ab_1.conda
  sha256: 9827efa891e507a91a8a2acf64e210d2aff394e1cde432ad08e1f8c66b12293c
  md5: 44600c4667a319d67dbe0681fc0bc833
  depends:
  - python >=3.9
  license: BSD-3-Clause
  license_family: BSD
  size: 13399
  timestamp: 1733332563512
- conda: https://conda.anaconda.org/conda-forge/osx-arm64/fonttools-4.58.1-py311h4921393_0.conda
  sha256: 03c75bcd859414ed52c3f93715ddaaa2137a0277bab7bc4b2fafe20591fc24f8
  md5: 43283202228c7165b54bb485c2fa9139
  depends:
  - __osx >=11.0
  - brotli
  - munkres
  - python >=3.11,<3.12.0a0
  - python >=3.11,<3.12.0a0 *_cpython
  - python_abi 3.11.* *_cp311
  - unicodedata2 >=15.1.0
  arch: arm64
  platform: osx
  license: MIT
  license_family: MIT
  size: 2816903
  timestamp: 1748465892022
- conda: https://conda.anaconda.org/conda-forge/osx-arm64/freetype-2.13.3-hce30654_1.conda
  sha256: 6b63c72ea51a41d41964841404564c0729fdddd3e952e2715839fd759b7cfdfc
  md5: e684de4644067f1956a580097502bf03
  depends:
  - libfreetype 2.13.3 hce30654_1
  - libfreetype6 2.13.3 h1d14073_1
  arch: arm64
  platform: osx
  license: GPL-2.0-only OR FTL
  size: 172220
  timestamp: 1745370149658
- conda: https://conda.anaconda.org/conda-forge/osx-arm64/geos-3.13.1-hc9a1286_0.conda
  sha256: b3f116968699ef72271f608a8ef2794b609e9a3cecbd5c178d8ccb797be709d6
  md5: 3528352bdf54e8b11eca0eb97daf7d55
  depends:
  - __osx >=11.0
  - libcxx >=18
  arch: arm64
  platform: osx
  license: LGPL-2.1-only
  size: 1470335
  timestamp: 1741051878236
- conda: https://conda.anaconda.org/conda-forge/osx-arm64/kiwisolver-1.4.7-py311h2c37856_0.conda
  sha256: 8ffc46f6e99c95c48426cf34c033d16cde3bcf100cd74d1d74a33943a85a6ec8
  md5: ee572d19da1346db8e78cb8e7d5d2330
  depends:
  - __osx >=11.0
  - libcxx >=17
  - python >=3.11,<3.12.0a0
  - python >=3.11,<3.12.0a0 *_cpython
  - python_abi 3.11.* *_cp311
  arch: arm64
  platform: osx
  license: BSD-3-Clause
  license_family: BSD
  size: 59357
  timestamp: 1725459504453
- conda: https://conda.anaconda.org/conda-forge/osx-arm64/krb5-1.20.1-h69eda48_0.conda
  sha256: 80094682db47468befef8e14a8a2ccc82cf71d6cf23bfa5d25c4de1df56e3067
  md5: a85db53e45b1173f270fc998dd40ec03
  depends:
  - libcxx >=14.0.6
  - libedit >=3.1.20191231,<3.2.0a0
  - libedit >=3.1.20191231,<4.0a0
  - openssl >=3.0.7,<4.0a0
  arch: arm64
  platform: osx
  license: MIT
  license_family: MIT
  size: 1094005
  timestamp: 1671091920523
- conda: https://conda.anaconda.org/conda-forge/osx-arm64/lcms2-2.15-hd835a16_1.conda
  sha256: e15f3ac072a19e3ce5ff04c171b7f931e6a6c0bf3c394329b72cfb6cc69fbdbd
  md5: 945a7b2d3fecee7299855bc0257f6f33
  depends:
  - libjpeg-turbo >=2.1.5.1,<3.0a0
  - libtiff >=4.5.0,<4.6.0a0
  arch: arm64
  platform: osx
  license: MIT
  license_family: MIT
  size: 206190
  timestamp: 1678213721993
- conda: https://conda.anaconda.org/conda-forge/osx-arm64/lerc-4.0.0-hd64df32_1.conda
  sha256: 12361697f8ffc9968907d1a7b5830e34c670e4a59b638117a2cdfed8f63a38f8
  md5: a74332d9b60b62905e3d30709df08bf1
  depends:
  - __osx >=11.0
  - libcxx >=18
  arch: arm64
  platform: osx
  license: Apache-2.0
  license_family: Apache
  size: 188306
  timestamp: 1745264362794
- conda: https://conda.anaconda.org/conda-forge/osx-arm64/libblas-3.9.0-31_h10e41b3_openblas.conda
  build_number: 31
  sha256: 369586e7688b59b4f92c709b99d847d66d4d095425db327dd32ee5e6ab74697f
  md5: 39b053da5e7035c6592102280aa7612a
  depends:
  - libopenblas >=0.3.29,<0.3.30.0a0
  - libopenblas >=0.3.29,<1.0a0
  constrains:
  - liblapacke =3.9.0=31*_openblas
  - libcblas =3.9.0=31*_openblas
  - blas =2.131=openblas
  - mkl <2025
  - liblapack =3.9.0=31*_openblas
  arch: arm64
  platform: osx
  license: BSD-3-Clause
  license_family: BSD
  size: 17123
  timestamp: 1740088119350
- conda: https://conda.anaconda.org/conda-forge/osx-arm64/libbrotlicommon-1.1.0-hd74edd7_2.conda
  sha256: 839dacb741bdbb25e58f42088a2001b649f4f12195aeb700b5ddfca3267749e5
  md5: d0bf1dff146b799b319ea0434b93f779
  depends:
  - __osx >=11.0
  arch: arm64
  platform: osx
  license: MIT
  license_family: MIT
  size: 68426
  timestamp: 1725267943211
- conda: https://conda.anaconda.org/conda-forge/osx-arm64/libbrotlidec-1.1.0-hd74edd7_2.conda
  sha256: 6c6862eb274f21a7c0b60e5345467a12e6dda8b9af4438c66d496a2c1a538264
  md5: 55e66e68ce55523a6811633dd1ac74e2
  depends:
  - __osx >=11.0
  - libbrotlicommon 1.1.0 hd74edd7_2
  arch: arm64
  platform: osx
  license: MIT
  license_family: MIT
  size: 28378
  timestamp: 1725267980316
- conda: https://conda.anaconda.org/conda-forge/osx-arm64/libbrotlienc-1.1.0-hd74edd7_2.conda
  sha256: eeb1eb0d58b9d02bc1b98dc0a058f104ab168eb2f7d1c7bfa0570a12cfcdb7b7
  md5: 4f3a434504c67b2c42565c0b85c1885c
  depends:
  - __osx >=11.0
  - libbrotlicommon 1.1.0 hd74edd7_2
  arch: arm64
  platform: osx
  license: MIT
  license_family: MIT
  size: 279644
  timestamp: 1725268003553
- conda: https://conda.anaconda.org/conda-forge/osx-arm64/libcblas-3.9.0-31_hb3479ef_openblas.conda
  build_number: 31
  sha256: f237486cc9118d09d0f3ff8820280de34365f98ee7b7dc5ab923b04c7cbf25a5
  md5: 7353c2bf0e90834cb70545671996d871
  depends:
  - libblas 3.9.0 31_h10e41b3_openblas
  constrains:
  - liblapacke =3.9.0=31*_openblas
  - blas =2.131=openblas
  - liblapack =3.9.0=31*_openblas
  arch: arm64
  platform: osx
  license: BSD-3-Clause
  license_family: BSD
  size: 17032
  timestamp: 1740088127097
- conda: https://conda.anaconda.org/conda-forge/osx-arm64/libcurl-7.88.1-h9049daf_0.conda
  sha256: 37b8d58c05386ac55d1d8e196c90b92b0a63f3f1fe2fa916bf5ed3e1656d8e14
  md5: c86bbee944bb640609670ce722fba9a4
  depends:
  - krb5 >=1.20.1,<1.21.0a0
  - libnghttp2 >=1.51.0,<2.0a0
  - libssh2 >=1.10.0,<2.0a0
  - libzlib >=1.2.13,<2.0.0a0
  - openssl >=3.0.8,<4.0a0
  arch: arm64
  platform: osx
  license: curl
  license_family: MIT
  size: 321706
  timestamp: 1676918523934
- conda: https://conda.anaconda.org/conda-forge/osx-arm64/libcxx-20.1.6-ha82da77_0.conda
  sha256: b74ec832ec05571f8747c9bd5f96b93d76489909b4f6f37d99d576dc955f21e9
  md5: 95c1830841844ef54e07efed1654b47f
  depends:
  - __osx >=11.0
  arch: arm64
  platform: osx
  license: Apache-2.0 WITH LLVM-exception
  license_family: Apache
  size: 567539
  timestamp: 1748495055530
- conda: https://conda.anaconda.org/conda-forge/osx-arm64/libdeflate-1.18-h1a8c8d9_0.conda
  sha256: a7ef4fd6ca62619397af4f434e69b96dfbc2c4e13080475719a8371bfd73834a
  md5: 73ebca3d8666fcfcf28abd74b39b99eb
  arch: arm64
  platform: osx
  license: MIT
  license_family: MIT
  size: 48428
  timestamp: 1679647544992
- conda: https://conda.anaconda.org/conda-forge/osx-arm64/libedit-3.1.20250104-pl5321hafb1f1b_0.conda
  sha256: 66aa216a403de0bb0c1340a88d1a06adaff66bae2cfd196731aa24db9859d631
  md5: 44083d2d2c2025afca315c7a172eab2b
  depends:
  - ncurses
  - __osx >=11.0
  - ncurses >=6.5,<7.0a0
  arch: arm64
  platform: osx
  license: BSD-2-Clause
  license_family: BSD
  size: 107691
  timestamp: 1738479560845
- conda: https://conda.anaconda.org/conda-forge/osx-arm64/libev-4.33-h93a5062_2.conda
  sha256: 95cecb3902fbe0399c3a7e67a5bed1db813e5ab0e22f4023a5e0f722f2cc214f
  md5: 36d33e440c31857372a72137f78bacf5
  arch: arm64
  platform: osx
  license: BSD-2-Clause
  license_family: BSD
  size: 107458
  timestamp: 1702146414478
- conda: https://conda.anaconda.org/conda-forge/osx-arm64/libffi-3.4.6-h1da3d7d_1.conda
  sha256: c6a530924a9b14e193ea9adfe92843de2a806d1b7dbfd341546ece9653129e60
  md5: c215a60c2935b517dcda8cad4705734d
  depends:
  - __osx >=11.0
  arch: arm64
  platform: osx
  license: MIT
  license_family: MIT
  size: 39839
  timestamp: 1743434670405
- conda: https://conda.anaconda.org/conda-forge/osx-arm64/libfreetype-2.13.3-hce30654_1.conda
  sha256: 1f8c16703fe333cdc2639f7cdaf677ac2120843453222944a7c6c85ec342903c
  md5: d06282e08e55b752627a707d58779b8f
  depends:
  - libfreetype6 >=2.13.3
  arch: arm64
  platform: osx
  license: GPL-2.0-only OR FTL
  size: 7813
  timestamp: 1745370144506
- conda: https://conda.anaconda.org/conda-forge/osx-arm64/libfreetype6-2.13.3-h1d14073_1.conda
  sha256: c278df049b1a071841aa0aca140a338d087ea594e07dcf8a871d2cfe0e330e75
  md5: b163d446c55872ef60530231879908b9
  depends:
  - __osx >=11.0
  - libpng >=1.6.47,<1.7.0a0
  - libzlib >=1.3.1,<2.0a0
  constrains:
  - freetype >=2.13.3
  arch: arm64
  platform: osx
  license: GPL-2.0-only OR FTL
  size: 333529
  timestamp: 1745370142848
- conda: https://conda.anaconda.org/conda-forge/osx-arm64/libgfortran-14.2.0-heb5dd2a_105.conda
  sha256: 6ca48762c330d1cdbdaa450f197ccc16ffb7181af50d112b4ccf390223d916a1
  md5: ad35937216e65cfeecd828979ee5e9e6
  depends:
  - libgfortran5 14.2.0 h2c44a93_105
  arch: arm64
  platform: osx
  license: GPL-3.0-only WITH GCC-exception-3.1
  license_family: GPL
  size: 155474
  timestamp: 1743913530958
- conda: https://conda.anaconda.org/conda-forge/osx-arm64/libgfortran5-14.2.0-h2c44a93_105.conda
  sha256: de09987e1080f71e2285deec45ccb949c2620a672b375029534fbb878e471b22
  md5: 06f35a3b1479ec55036e1c9872f97f2c
  depends:
  - llvm-openmp >=8.0.0
  constrains:
  - libgfortran 14.2.0
  arch: arm64
  platform: osx
  license: GPL-3.0-only WITH GCC-exception-3.1
  license_family: GPL
  size: 806283
  timestamp: 1743913488925
- conda: https://conda.anaconda.org/conda-forge/osx-arm64/libjpeg-turbo-2.1.5.1-hb547adb_1.conda
  sha256: ff3c6b3d6b2d5436068f3da65cf784f0999caebd8600055fa023979500a2a977
  md5: b64c9c86e7ef88512aa501487afac46b
  constrains:
  - jpeg <0.0.0a
  arch: arm64
  platform: osx
  license: IJG AND BSD-3-Clause AND Zlib
  size: 443038
  timestamp: 1694566684571
- conda: https://conda.anaconda.org/conda-forge/osx-arm64/liblapack-3.9.0-31_hc9a63f6_openblas.conda
  build_number: 31
  sha256: fe55b9aaf82c6c0192c3d1fcc9b8e884f97492dda9a8de5dae29334b3135fab5
  md5: ff57a55a2cbce171ef5707fb463caf19
  depends:
  - libblas 3.9.0 31_h10e41b3_openblas
  constrains:
  - liblapacke =3.9.0=31*_openblas
  - libcblas =3.9.0=31*_openblas
  - blas =2.131=openblas
  arch: arm64
  platform: osx
  license: BSD-3-Clause
  license_family: BSD
  size: 17033
  timestamp: 1740088134988
- conda: https://conda.anaconda.org/conda-forge/osx-arm64/liblzma-5.8.1-h39f12f2_1.conda
  sha256: 5ab62c179229640c34491a7de806ad4ab7bec47ea2b5fc2136e3b8cf5ef26a57
  md5: 4e8ef3d79c97c9021b34d682c24c2044
  depends:
  - __osx >=11.0
  constrains:
  - xz 5.8.1.*
  - xz ==5.8.1=*_1
  arch: arm64
  platform: osx
  license: 0BSD
  size: 92218
  timestamp: 1746531818330
- conda: https://conda.anaconda.org/conda-forge/osx-arm64/liblzma-devel-5.8.1-h39f12f2_1.conda
  sha256: 33a7e9b529c9dd0cf57ad4966bc407a4088ad8327b8d9801705eb37d34aa3cf0
  md5: 4a9561681f11aa4fb43f1bb7d209629c
  depends:
  - __osx >=11.0
  - liblzma 5.8.1 h39f12f2_1
  arch: arm64
  platform: osx
  license: 0BSD
  size: 116401
  timestamp: 1746531844770
- conda: https://conda.anaconda.org/conda-forge/osx-arm64/libnghttp2-1.52.0-hae82a92_0.conda
  sha256: 1a3944d6295dcbecdf6489ce8a05fe416ad401727c901ec390e9200a351bdb10
  md5: 1d319e95a0216f801293626a00337712
  depends:
  - c-ares >=1.18.1,<2.0a0
  - libcxx >=14.0.6
  - libev >=4.33,<4.34.0a0
  - libzlib >=1.2.13,<2.0.0a0
  - openssl >=3.0.8,<4.0a0
  arch: arm64
  platform: osx
  license: MIT
  license_family: MIT
  size: 564295
  timestamp: 1677678452375
- conda: https://conda.anaconda.org/conda-forge/osx-arm64/libopenblas-0.3.29-openmp_hf332438_0.conda
  sha256: 8989d9e01ec8c9b2d48dbb5efbe70b356fcd15990fb53b64fcb84798982c0343
  md5: 0cd1148c68f09027ee0b0f0179f77c30
  depends:
  - __osx >=11.0
  - libgfortran >=5
  - libgfortran5 >=13.2.0
  - llvm-openmp >=18.1.8
  constrains:
  - openblas >=0.3.29,<0.3.30.0a0
  arch: arm64
  platform: osx
  license: BSD-3-Clause
  license_family: BSD
  size: 4168442
  timestamp: 1739825514918
- conda: https://conda.anaconda.org/conda-forge/osx-arm64/libpng-1.6.47-h3783ad8_0.conda
  sha256: dc93cc30f59b28e7812c6f14d2c2e590b509c38092cce7ababe6b23541b7ed8f
  md5: 3550e05e3af94a3fa9cef2694417ccdf
  depends:
  - __osx >=11.0
  - libzlib >=1.3.1,<2.0a0
  arch: arm64
  platform: osx
  license: zlib-acknowledgement
  size: 259332
  timestamp: 1739953032676
- conda: https://conda.anaconda.org/conda-forge/osx-arm64/libsqlite-3.50.0-h3f77e49_0.conda
  sha256: 80bbe9c53d4bf2e842eccdd089653d0659972deba7057cda3ebaebaf43198f79
  md5: cda0ec640bc4698d0813a8fb459aee58
  depends:
  - __osx >=11.0
  - libzlib >=1.3.1,<2.0a0
  arch: arm64
  platform: osx
  license: Unlicense
  size: 901545
  timestamp: 1748550158812
- conda: https://conda.anaconda.org/conda-forge/osx-arm64/libssh2-1.10.0-h7a5bd25_3.tar.bz2
  sha256: fbaa668831c56d88824c9ea42aba7b9c9ffd26cdd9bec850120bf2aff0d9e282
  md5: 1ffa4340e73809db5a7516cb1a7425a7
  depends:
  - libzlib >=1.2.12,<2.0.0a0
  - openssl >=3.0.5,<4.0a0
  arch: arm64
  platform: osx
  license: BSD-3-Clause
  license_family: BSD
  size: 222814
  timestamp: 1660346702237
- conda: https://conda.anaconda.org/conda-forge/osx-arm64/libtiff-4.5.1-h23a1a89_1.conda
  sha256: c9177d6c54191e12a0d78c05b92caaa28eadd42bb84d91b43c3f36b862d7b979
  md5: 7bd45e97a29f2804f0dba97f37d280b6
  depends:
  - lerc >=4.0.0,<5.0a0
  - libcxx >=15.0.7
  - libdeflate >=1.18,<1.19.0a0
  - libjpeg-turbo >=2.1.5.1,<3.0a0
  - libwebp-base >=1.3.1,<2.0a0
  - libzlib >=1.2.13,<2.0.0a0
  - xz >=5.2.6,<6.0a0
  - zstd >=1.5.2,<1.6.0a0
  arch: arm64
  platform: osx
  license: HPND
  size: 364867
  timestamp: 1692897415418
- conda: https://conda.anaconda.org/conda-forge/osx-arm64/libwebp-base-1.5.0-h2471fea_0.conda
  sha256: f8bdb876b4bc8cb5df47c28af29188de8911c3fea4b799a33743500149de3f4a
  md5: 569466afeb84f90d5bb88c11cc23d746
  depends:
  - __osx >=11.0
  constrains:
  - libwebp 1.5.0
  arch: arm64
  platform: osx
  license: BSD-3-Clause
  license_family: BSD
  size: 290013
  timestamp: 1734777593617
- conda: https://conda.anaconda.org/conda-forge/osx-arm64/libxcb-1.15-hf346824_0.conda
  sha256: 6eaa87760ff3e91bb5524189700139db46f8946ff6331f4e571e4a9356edbb0d
  md5: 988d5f86ab60fa6de91b3ee3a88a3af9
  depends:
  - pthread-stubs
  - xorg-libxau
  - xorg-libxdmcp
  arch: arm64
  platform: osx
  license: MIT
  license_family: MIT
  size: 334770
  timestamp: 1682082734262
- conda: https://conda.anaconda.org/conda-forge/osx-arm64/libzlib-1.3.1-h8359307_2.conda
  sha256: ce34669eadaba351cd54910743e6a2261b67009624dbc7daeeafdef93616711b
  md5: 369964e85dc26bfe78f41399b366c435
  depends:
  - __osx >=11.0
  constrains:
  - zlib 1.3.1 *_2
  arch: arm64
  platform: osx
  license: Zlib
  license_family: Other
  size: 46438
  timestamp: 1727963202283
- conda: https://conda.anaconda.org/conda-forge/osx-arm64/llvm-openmp-20.1.6-hdb05f8b_0.conda
  sha256: 99c8aa89a77870d6ee16d62b858be67e30f2ad4fe13555570c7660cc38f9557b
  md5: 7a3b28d59940a28e761e0a623241a832
  depends:
  - __osx >=11.0
  constrains:
  - openmp 20.1.6|20.1.6.*
  arch: arm64
  platform: osx
  license: Apache-2.0 WITH LLVM-exception
  license_family: APACHE
  size: 282698
  timestamp: 1748570308073
- conda: https://conda.anaconda.org/conda-forge/osx-arm64/matplotlib-3.7.3-py311ha1ab1f8_0.conda
  sha256: 94525413cc5c0b974376f94998eb7d051cbbfe49bf5d8f6dcd0abd20e7aa3b9e
  md5: 92edc00a2624272c50183934d8ac0736
  depends:
  - matplotlib-base >=3.7.3,<3.7.4.0a0
  - python >=3.11,<3.12.0a0
  - python_abi 3.11.* *_cp311
  - tornado >=5
  arch: arm64
  platform: osx
  license: LicenseRef-PSF-2.0 and CC0-1.0
  license_family: PSF
  size: 8627
  timestamp: 1695077417392
- conda: https://conda.anaconda.org/conda-forge/osx-arm64/matplotlib-base-3.7.3-py311h3bc9839_0.conda
  sha256: f5452eb04a5458164478d423f7da01081c3411c3a765b2a4cad7106d3d39e678
  md5: 69bac55ce1604854e105f114d6c1282d
  depends:
  - certifi >=2020.06.20
  - contourpy >=1.0.1
  - cycler >=0.10
  - fonttools >=4.22.0
  - freetype >=2.12.1,<3.0a0
  - kiwisolver >=1.0.1
  - libcxx >=15.0.7
  - numpy >=1.20
  - numpy >=1.23.5,<2.0a0
  - packaging >=20.0
  - pillow >=6.2.0
  - pyparsing >=2.3.1
  - python >=3.11,<3.12.0a0
  - python >=3.11,<3.12.0a0 *_cpython
  - python-dateutil >=2.7
  - python_abi 3.11.* *_cp311
  arch: arm64
  platform: osx
  license: LicenseRef-PSF-2.0 and CC0-1.0
  license_family: PSF
  size: 7504910
  timestamp: 1695077367944
- conda: https://conda.anaconda.org/conda-forge/noarch/munkres-1.1.4-pyh9f0ad1d_0.tar.bz2
  sha256: f86fb22b58e93d04b6f25e0d811b56797689d598788b59dcb47f59045b568306
  md5: 2ba8498c1018c1e9c61eb99b973dfe19
  depends:
  - python
  license: Apache-2.0
  license_family: Apache
  size: 12452
  timestamp: 1600387789153
- conda: https://conda.anaconda.org/conda-forge/osx-arm64/ncurses-6.5-h5e97a16_3.conda
  sha256: 2827ada40e8d9ca69a153a45f7fd14f32b2ead7045d3bbb5d10964898fe65733
  md5: 068d497125e4bf8a66bf707254fff5ae
  depends:
  - __osx >=11.0
  arch: arm64
  platform: osx
  license: X11 AND BSD-3-Clause
  size: 797030
  timestamp: 1738196177597
- conda: https://conda.anaconda.org/conda-forge/osx-arm64/numpy-1.26.4-py311h7125741_0.conda
  sha256: 160a52a01fea44fe9753a2ed22cf13d7b55c8a89ea0b8738546fdbf4795d6514
  md5: 3160b93669a0def35a7a8158ebb33816
  depends:
  - libblas >=3.9.0,<4.0a0
  - libcblas >=3.9.0,<4.0a0
  - libcxx >=16
  - liblapack >=3.9.0,<4.0a0
  - python >=3.11,<3.12.0a0
  - python >=3.11,<3.12.0a0 *_cpython
  - python_abi 3.11.* *_cp311
  constrains:
  - numpy-base <0a0
  arch: arm64
  platform: osx
  license: BSD-3-Clause
  license_family: BSD
  size: 6652352
  timestamp: 1707226297967
- conda: https://conda.anaconda.org/conda-forge/osx-arm64/openjpeg-2.5.0-hbc2ba62_2.conda
  sha256: 2bb159e385e633a08cc164f50b4e39fa465b85f54c376a5c20aa15f57ef407b3
  md5: c3e184f0810a4614863569488b1ac709
  depends:
  - libcxx >=14.0.6
  - libpng >=1.6.39,<1.7.0a0
  - libtiff >=4.5.0,<4.6.0a0
  - libzlib >=1.2.13,<2.0.0a0
  arch: arm64
  platform: osx
  license: BSD-2-Clause
  license_family: BSD
  size: 307087
  timestamp: 1671435439914
- conda: https://conda.anaconda.org/conda-forge/osx-arm64/openssl-3.0.16-h81ee809_0.conda
  sha256: fc344e3549630ed77ae1d6d034b81218b20ecbb568b0b554194097296ddff1a3
  md5: f6b9a88bf092ef89c9fa4bbe73f2f885
  depends:
  - __osx >=11.0
  - ca-certificates
  constrains:
  - pyopenssl >=22.1
  arch: arm64
  platform: osx
  license: Apache-2.0
  license_family: Apache
  size: 2130447
  timestamp: 1739319850422
- conda: https://conda.anaconda.org/conda-forge/noarch/packaging-25.0-pyh29332c3_1.conda
  sha256: 289861ed0c13a15d7bbb408796af4de72c2fe67e2bcb0de98f4c3fce259d7991
  md5: 58335b26c38bf4a20f399384c33cbcf9
  depends:
  - python >=3.8
  - python
  license: Apache-2.0
  license_family: APACHE
  size: 62477
  timestamp: 1745345660407
- conda: https://conda.anaconda.org/conda-forge/osx-arm64/pillow-10.0.0-py311h095fde6_0.conda
  sha256: c88a0d19842d5ef5a2cc1325c4de88798f295982dd56edb7e180f616e4420306
  md5: f77cb382a8b3224b9f44b029ca39ed8c
  depends:
  - freetype >=2.12.1,<3.0a0
  - lcms2 >=2.15,<3.0a0
  - libjpeg-turbo >=2.1.5.1,<3.0a0
  - libtiff >=4.5.1,<4.6.0a0
  - libwebp-base >=1.3.1,<2.0a0
  - libxcb >=1.15,<1.16.0a0
  - libzlib >=1.2.13,<2.0.0a0
  - openjpeg >=2.5.0,<3.0a0
  - python >=3.11,<3.12.0a0
  - python >=3.11,<3.12.0a0 *_cpython
  - python_abi 3.11.* *_cp311
  - tk >=8.6.12,<8.7.0a0
  arch: arm64
  platform: osx
  license: LicenseRef-PIL
  size: 45961944
  timestamp: 1688256289209
- conda: https://conda.anaconda.org/conda-forge/osx-arm64/proj-9.2.0-h13f728c_0.conda
  sha256: 80080a835f2f501d359f4f86dd80fbfebe6c1f6fd881b5b494cb6053dc10b13c
  md5: 7f1d6f75d9289c58658d8bab52563935
  depends:
  - libcurl >=7.88.1,<9.0a0
  - libcxx >=14.0.6
  - libsqlite >=3.40.0,<4.0a0
  - libtiff >=4.5.0,<4.6.0a0
  - sqlite
  constrains:
  - proj4 ==999999999999
  arch: arm64
  platform: osx
  license: MIT
  license_family: MIT
  size: 2599276
  timestamp: 1679164858602
- conda: https://conda.anaconda.org/conda-forge/osx-arm64/pthread-stubs-0.4-hd74edd7_1002.conda
  sha256: 8ed65e17fbb0ca944bfb8093b60086e3f9dd678c3448b5de212017394c247ee3
  md5: 415816daf82e0b23a736a069a75e9da7
  depends:
  - __osx >=11.0
  arch: arm64
  platform: osx
  license: MIT
  license_family: MIT
  size: 8381
  timestamp: 1726802424786
- conda: https://conda.anaconda.org/conda-forge/noarch/pyparsing-3.2.3-pyhd8ed1ab_1.conda
  sha256: b92afb79b52fcf395fd220b29e0dd3297610f2059afac45298d44e00fcbf23b6
  md5: 513d3c262ee49b54a8fec85c5bc99764
  depends:
  - python >=3.9
  license: MIT
  license_family: MIT
  size: 95988
  timestamp: 1743089832359
- conda: https://conda.anaconda.org/conda-forge/osx-arm64/pyproj-3.6.0-py311h9ae28ae_0.conda
  sha256: badb408d8a8e02f2becb856b2331032fc3f74d4616d00acf3fb8ece0aef3abfa
  md5: 397161c3f82a0de0d7ca4a3da233d35a
  depends:
  - certifi
  - proj >=9.2.0,<9.2.1.0a0
  - python >=3.11,<3.12.0a0
  - python >=3.11,<3.12.0a0 *_cpython
  - python_abi 3.11.* *_cp311
  arch: arm64
  platform: osx
  license: MIT
  license_family: MIT
  size: 456104
  timestamp: 1686593235490
- conda: https://conda.anaconda.org/conda-forge/noarch/pyshp-2.3.1-pyhd8ed1ab_1.conda
  sha256: a721b3663d1917f3c9caa01069d23c44b0a378a6d3639f7e4f7b06887a9ac9bf
  md5: 856b387c270e9eaf6e41e978057a2b62
  depends:
  - python >=3.9
  license: MIT
  license_family: MIT
  size: 427368
  timestamp: 1733821648154
- conda: https://conda.anaconda.org/conda-forge/osx-arm64/python-3.11.0-h3ba56d0_1_cpython.conda
  build_number: 1
  sha256: 28a54d78cd2624a12bd2ceb0f1816b0cba9b4fd97df846b5843b3c1d51642ab2
  md5: 2aa7ca3702d9afd323ca34a9d98879d1
  depends:
  - bzip2 >=1.0.8,<2.0a0
  - libffi >=3.4,<4.0a0
  - libsqlite >=3.40.0,<4.0a0
  - libzlib >=1.2.13,<2.0.0a0
  - ncurses >=6.3,<7.0a0
  - openssl >=3.0.7,<4.0a0
  - readline >=8.1.2,<9.0a0
  - tk >=8.6.12,<8.7.0a0
  - tzdata
  - xz >=5.2.6,<6.0a0
  constrains:
  - python_abi 3.11.* *_cp311
  arch: arm64
  platform: osx
  license: Python-2.0
  size: 14492975
  timestamp: 1673699560906
- conda: https://conda.anaconda.org/conda-forge/noarch/python-dateutil-2.9.0.post0-pyhff2d567_1.conda
  sha256: a50052536f1ef8516ed11a844f9413661829aa083304dc624c5925298d078d79
  md5: 5ba79d7c71f03c678c8ead841f347d6e
  depends:
  - python >=3.9
  - six >=1.5
  license: Apache-2.0
  license_family: APACHE
  size: 222505
  timestamp: 1733215763718
- conda: https://conda.anaconda.org/conda-forge/noarch/python_abi-3.11-7_cp311.conda
  build_number: 7
  sha256: 705d06b15c497b585d235e7e87f6c893ffe5fbfdb3326e376e56c842879e0a09
  md5: 6320dac78b3b215ceac35858b2cfdb70
  constrains:
  - python 3.11.* *_cpython
  license: BSD-3-Clause
  license_family: BSD
  size: 6996
  timestamp: 1745258878641
- conda: https://conda.anaconda.org/conda-forge/osx-arm64/readline-8.2-h1d1bf99_2.conda
  sha256: 7db04684d3904f6151eff8673270922d31da1eea7fa73254d01c437f49702e34
  md5: 63ef3f6e6d6d5c589e64f11263dc5676
  depends:
  - ncurses >=6.5,<7.0a0
  arch: arm64
  platform: osx
  license: GPL-3.0-only
  license_family: GPL
  size: 252359
  timestamp: 1740379663071
- conda: https://conda.anaconda.org/conda-forge/osx-arm64/shapely-2.1.1-py311h06af528_0.conda
  sha256: 62ad6540989d7389a9b3fef470a24465e46d43cfb9d5e0ad7c194fd84e3874fc
  md5: 872982e606246706064436384ba97954
  depends:
  - __osx >=11.0
  - geos >=3.13.1,<3.13.2.0a0
  - numpy >=1.19,<3
  - python >=3.11,<3.12.0a0
  - python >=3.11,<3.12.0a0 *_cpython
  - python_abi 3.11.* *_cp311
  arch: arm64
  platform: osx
  license: BSD-3-Clause
  license_family: BSD
  size: 613714
  timestamp: 1747664611360
- conda: https://conda.anaconda.org/conda-forge/noarch/six-1.17.0-pyhd8ed1ab_0.conda
  sha256: 41db0180680cc67c3fa76544ffd48d6a5679d96f4b71d7498a759e94edc9a2db
  md5: a451d576819089b0d672f18768be0f65
  depends:
  - python >=3.9
  license: MIT
  license_family: MIT
  size: 16385
  timestamp: 1733381032766
- conda: https://conda.anaconda.org/conda-forge/osx-arm64/sqlite-3.50.0-hd7222ec_0.conda
  sha256: c94e55de40bbcabf834b5b2870d4121efa45158df3e5a6d4ee75b15e8ed9719f
  md5: bbbbdf7c9a0344190b6199568ef2601b
  depends:
  - __osx >=11.0
  - libsqlite 3.50.0 h3f77e49_0
  - libzlib >=1.3.1,<2.0a0
  - ncurses >=6.5,<7.0a0
  - readline >=8.2,<9.0a0
  arch: arm64
  platform: osx
  license: Unlicense
  size: 885840
  timestamp: 1748550185297
- conda: https://conda.anaconda.org/conda-forge/osx-arm64/tk-8.6.13-h892fb3f_2.conda
  sha256: cb86c522576fa95c6db4c878849af0bccfd3264daf0cc40dd18e7f4a7bfced0e
  md5: 7362396c170252e7b7b0c8fb37fe9c78
  depends:
  - __osx >=11.0
  - libzlib >=1.3.1,<2.0a0
  arch: arm64
  platform: osx
  license: TCL
  license_family: BSD
  size: 3125538
  timestamp: 1748388189063
- conda: https://conda.anaconda.org/conda-forge/osx-arm64/tornado-6.5.1-py311h917b07b_0.conda
  sha256: 640183a5955f373f86f56193dbd0f289d98cdf8e19f37284ac52e8fd37ea2632
  md5: 8b0ba58f117a8e1754f87b4c69818d21
  depends:
  - __osx >=11.0
  - python >=3.11,<3.12.0a0
  - python >=3.11,<3.12.0a0 *_cpython
  - python_abi 3.11.* *_cp311
  arch: arm64
  platform: osx
  license: Apache-2.0
  license_family: Apache
  size: 867366
  timestamp: 1748003598139
- conda: https://conda.anaconda.org/conda-forge/noarch/tzdata-2025b-h78e105d_0.conda
  sha256: 5aaa366385d716557e365f0a4e9c3fca43ba196872abbbe3d56bb610d131e192
  md5: 4222072737ccff51314b5ece9c7d6f5a
  license: LicenseRef-Public-Domain
  size: 122968
  timestamp: 1742727099393
- conda: https://conda.anaconda.org/conda-forge/osx-arm64/unicodedata2-16.0.0-py311h917b07b_0.conda
  sha256: 4edd8c92ea579b8b5997e4b6159271dc47ce4826e880b8f8eec52be88619b03f
  md5: d1e4a3605a1ca37cb73937772c5310af
  depends:
  - __osx >=11.0
  - python >=3.11,<3.12.0a0
  - python >=3.11,<3.12.0a0 *_cpython
  - python_abi 3.11.* *_cp311
  arch: arm64
  platform: osx
  license: Apache-2.0
  license_family: Apache
  size: 411234
  timestamp: 1736692763548
- conda: https://conda.anaconda.org/conda-forge/osx-arm64/xorg-libxau-1.0.12-h5505292_0.conda
  sha256: f33e6f013fc36ebc200f09ddead83468544cb5c353a3b50499b07b8c34e28a8d
  md5: 50901e0764b7701d8ed7343496f4f301
  depends:
  - __osx >=11.0
  arch: arm64
  platform: osx
  license: MIT
  license_family: MIT
  size: 13593
  timestamp: 1734229104321
- conda: https://conda.anaconda.org/conda-forge/osx-arm64/xorg-libxdmcp-1.1.5-hd74edd7_0.conda
  sha256: 9939a166d780700d81023546759102b33fdc2c5f11ef09f5f66c77210fd334c8
  md5: 77c447f48cab5d3a15ac224edb86a968
  depends:
  - __osx >=11.0
  arch: arm64
  platform: osx
  license: MIT
  license_family: MIT
  size: 18487
  timestamp: 1727795205022
- conda: https://conda.anaconda.org/conda-forge/osx-arm64/xz-5.8.1-h9a6d368_1.conda
  sha256: 365f86baf9187c73072de09a257a4fe569e9dc321b1893107caf1d5fbb662cf7
  md5: b51d63218e537b65c03a1d712d859680
  depends:
  - __osx >=11.0
  - liblzma 5.8.1 h39f12f2_1
  - liblzma-devel 5.8.1 h39f12f2_1
  - xz-gpl-tools 5.8.1 h9a6d368_1
  - xz-tools 5.8.1 h39f12f2_1
  arch: arm64
  platform: osx
  license: 0BSD AND LGPL-2.1-or-later AND GPL-2.0-or-later
  size: 23945
  timestamp: 1746531921863
- conda: https://conda.anaconda.org/conda-forge/osx-arm64/xz-gpl-tools-5.8.1-h9a6d368_1.conda
  sha256: 0978a1c2d104fb5c056d290d5b6f6e2291bf96938e14f4d4fc34207fdc2e64bc
  md5: 2b74c0fcf1423146e8a1b38e8edb9d18
  depends:
  - __osx >=11.0
  - liblzma 5.8.1 h39f12f2_1
  constrains:
  - xz 5.8.1.*
  - xz ==5.8.1=*_1
  arch: arm64
  platform: osx
  license: 0BSD AND LGPL-2.1-or-later AND GPL-2.0-or-later
  size: 33633
  timestamp: 1746531896043
- conda: https://conda.anaconda.org/conda-forge/osx-arm64/xz-tools-5.8.1-h39f12f2_1.conda
  sha256: 703deddf649255c1e34ed479a0af6b2f66f0180a8fabfb845dbdff3bd8485f24
  md5: 697caaae49a3d00a508d64b0e09f1a31
  depends:
  - __osx >=11.0
  - liblzma 5.8.1 h39f12f2_1
  constrains:
  - xz 5.8.1.*
  - xz ==5.8.1=*_1
  arch: arm64
  platform: osx
  license: 0BSD AND LGPL-2.1-or-later
  size: 85980
  timestamp: 1746531874100
- conda: https://conda.anaconda.org/conda-forge/osx-arm64/zstd-1.5.7-h6491c7d_2.conda
  sha256: 0d02046f57f7a1a3feae3e9d1aa2113788311f3cf37a3244c71e61a93177ba67
  md5: e6f69c7bcccdefa417f056fa593b40f0
  depends:
  - __osx >=11.0
  - libzlib >=1.3.1,<2.0a0
  arch: arm64
  platform: osx
  license: BSD-3-Clause
  license_family: BSD
  size: 399979
  timestamp: 1742433432699
